
Microsoft Visual Studio Solution File, Format Version 12.00
# Visual Studio Version 17
VisualStudioVersion = 17.10.35027.167
MinimumVisualStudioVersion = 10.0.40219.1
Project("{9A19103F-16F7-4668-BE54-9A1E7A4F7556}") = "login", "RealEstateApi\login.csproj", "{D837859A-DBB7-42A0-AAA8-6FD6C6EB9761}"
EndProject
Global
	GlobalSection(SolutionConfigurationPlatforms) = preSolution
		Debug|Any CPU = Debug|Any CPU
		Release|Any CPU = Release|Any CPU
	EndGlobalSection
	GlobalSection(ProjectConfigurationPlatforms) = postSolution
		{D837859A-DBB7-42A0-AAA8-6FD6C6EB9761}.Debug|Any CPU.ActiveCfg = Debug|Any CPU
		{D837859A-DBB7-42A0-AAA8-6FD6C6EB9761}.Debug|Any CPU.Build.0 = Debug|Any CPU
		{D837859A-DBB7-42A0-AAA8-6FD6C6EB9761}.Release|Any CPU.ActiveCfg = Release|Any CPU
		{D837859A-DBB7-42A0-AAA8-6FD6C6EB9761}.Release|Any CPU.Build.0 = Release|Any CPU
	EndGlobalSection
	GlobalSection(SolutionProperties) = preSolution
		HideSolutionNode = FALSE
	EndGlobalSection
	GlobalSection(ExtensibilityGlobals) = postSolution
		SolutionGuid = {1E97FA10-962D-4109-BD7A-94E019666B58}
	EndGlobalSection
EndGlobal
